github.com/Knetic/govaluate v3.0.0+incompatible h1:7o6+MAPhYTCF0+fdvoz1xDedhRb4f6s9Tn1Tt7/WTEg=
github.com/Knetic/govaluate v3.0.0+incompatible/go.mod h1:r7JcOSlj0wfOMncg0iLm8Leh48TZaKVeNIfJntJ2wa0=
github.com/parsable/casbin v0.0.11 h1:62wEycSA/X1HIn7nr7F3FApYqg/OyYtO4ofE7R10d1A=
github.com/parsable/casbin v0.0.11/go.mod h1:oom0+Qyl0dazhJiO5fEjn9KYcTETpESyHsXlkTIJYK4=
